
Microsoft Visual Studio Solution File, Format Version 12.00
# Visual Studio Version 17
VisualStudioVersion = 17.14.36429.23
MinimumVisualStudioVersion = 10.0.40219.1
Project("{FAE04EC0-301F-11D3-BF4B-00C04F79EFBC}") = "SdkStyle", "SdkStyle\SdkStyle.csproj", "{9AC5B2B5-E217-496D-8A0A-97E3F78A7ECB}"
EndProject
Project("{00D1A9C2-B5F0-4AF3-8072-F6C62B433612}") = "Classic", "Classic\Classic.sqlproj", "{3C512A17-9D52-499A-9D52-CE62DC45EA56}"
EndProject
Project("{FAE04EC0-301F-11D3-BF4B-00C04F79EFBC}") = "ClassLib", "ClassLib\ClassLib.csproj", "{7CB1F1DE-794A-4F40-B959-881E7263A7F8}"
EndProject
Project("{42EA0DBD-9CF1-443E-919E-BE9C484E4577}") = "MsSdkStyle", "MsSdkStyle\MsSdkStyle.sqlproj", "{1BD17362-8D8D-4451-8076-CEC009DD731E}"
EndProject
Global
	GlobalSection(SolutionConfigurationPlatforms) = preSolution
		Debug|Any CPU = Debug|Any CPU
		Release|Any CPU = Release|Any CPU
	EndGlobalSection
	GlobalSection(ProjectConfigurationPlatforms) = postSolution
		{9AC5B2B5-E217-496D-8A0A-97E3F78A7ECB}.Debug|Any CPU.ActiveCfg = Debug|Any CPU
		{9AC5B2B5-E217-496D-8A0A-97E3F78A7ECB}.Debug|Any CPU.Build.0 = Debug|Any CPU
		{9AC5B2B5-E217-496D-8A0A-97E3F78A7ECB}.Release|Any CPU.ActiveCfg = Release|Any CPU
		{9AC5B2B5-E217-496D-8A0A-97E3F78A7ECB}.Release|Any CPU.Build.0 = Release|Any CPU
		{3C512A17-9D52-499A-9D52-CE62DC45EA56}.Debug|Any CPU.ActiveCfg = Debug|Any CPU
		{3C512A17-9D52-499A-9D52-CE62DC45EA56}.Debug|Any CPU.Build.0 = Debug|Any CPU
		{3C512A17-9D52-499A-9D52-CE62DC45EA56}.Debug|Any CPU.Deploy.0 = Debug|Any CPU
		{3C512A17-9D52-499A-9D52-CE62DC45EA56}.Release|Any CPU.ActiveCfg = Release|Any CPU
		{3C512A17-9D52-499A-9D52-CE62DC45EA56}.Release|Any CPU.Build.0 = Release|Any CPU
		{3C512A17-9D52-499A-9D52-CE62DC45EA56}.Release|Any CPU.Deploy.0 = Release|Any CPU
		{7CB1F1DE-794A-4F40-B959-881E7263A7F8}.Debug|Any CPU.ActiveCfg = Debug|Any CPU
		{7CB1F1DE-794A-4F40-B959-881E7263A7F8}.Debug|Any CPU.Build.0 = Debug|Any CPU
		{7CB1F1DE-794A-4F40-B959-881E7263A7F8}.Release|Any CPU.ActiveCfg = Release|Any CPU
		{7CB1F1DE-794A-4F40-B959-881E7263A7F8}.Release|Any CPU.Build.0 = Release|Any CPU
		{1BD17362-8D8D-4451-8076-CEC009DD731E}.Debug|Any CPU.ActiveCfg = Debug|Any CPU
		{1BD17362-8D8D-4451-8076-CEC009DD731E}.Debug|Any CPU.Build.0 = Debug|Any CPU
		{1BD17362-8D8D-4451-8076-CEC009DD731E}.Release|Any CPU.ActiveCfg = Release|Any CPU
		{1BD17362-8D8D-4451-8076-CEC009DD731E}.Release|Any CPU.Build.0 = Release|Any CPU
	EndGlobalSection
	GlobalSection(SolutionProperties) = preSolution
		HideSolutionNode = FALSE
	EndGlobalSection
	GlobalSection(ExtensibilityGlobals) = postSolution
		SolutionGuid = {12C1436E-17C0-4D90-9E45-280F54F7D3B0}
	EndGlobalSection
EndGlobal
